// !$*UTF8*$!
{
	archiveVersion = 1;
	classes = {
	};
	objectVersion = 46;
	objects = {

/* Begin PBXBuildFile section */
		12DE7CCBD46D97B56A50E62D /* libPods-RN_OR_IOS.a in Frameworks */ = {isa = PBXBuildFile; fileRef = 4A1979014B7FD5F95F1C709F /* libPods-RN_OR_IOS.a */; };
		C245C4681F03BD8F00946C26 /* AppDelegate.swift in Sources */ = {isa = PBXBuildFile; fileRef = C245C4671F03BD8F00946C26 /* AppDelegate.swift */; };
		C245C46A1F03BD8F00946C26 /* ViewController.swift in Sources */ = {isa = PBXBuildFile; fileRef = C245C4691F03BD8F00946C26 /* ViewController.swift */; };
		C245C46D1F03BD8F00946C26 /* Main.storyboard in Resources */ = {isa = PBXBuildFile; fileRef = C245C46B1F03BD8F00946C26 /* Main.storyboard */; };
		C245C46F1F03BD8F00946C26 /* Assets.xcassets in Resources */ = {isa = PBXBuildFile; fileRef = C245C46E1F03BD8F00946C26 /* Assets.xcassets */; };
		C245C4721F03BD8F00946C26 /* LaunchScreen.storyboard in Resources */ = {isa = PBXBuildFile; fileRef = C245C4701F03BD8F00946C26 /* LaunchScreen.storyboard */; };
/* End PBXBuildFile section */

/* Begin PBXFileReference section */
		326EA2408D9776B959B42A52 /* Pods-RN_OR_IOS.release.xcconfig */ = {isa = PBXFileReference; includeInIndex = 1; lastKnownFileType = text.xcconfig; name = "Pods-RN_OR_IOS.release.xcconfig"; path = "Pods/Target Support Files/Pods-RN_OR_IOS/Pods-RN_OR_IOS.release.xcconfig"; sourceTree = "<group>"; };
		4A1979014B7FD5F95F1C709F /* libPods-RN_OR_IOS.a */ = {isa = PBXFileReference; explicitFileType = archive.ar; includeInIndex = 0; path = "libPods-RN_OR_IOS.a"; sourceTree = BUILT_PRODUCTS_DIR; };
		6D044F9E0F31F0DF02294BD3 /* Pods-RN_OR_IOS.debug.xcconfig */ = {isa = PBXFileReference; includeInIndex = 1; lastKnownFileType = text.xcconfig; name = "Pods-RN_OR_IOS.debug.xcconfig"; path = "Pods/Target Support Files/Pods-RN_OR_IOS/Pods-RN_OR_IOS.debug.xcconfig"; sourceTree = "<group>"; };
		C245C4641F03BD8F00946C26 /* RN_OR_IOS.app */ = {isa = PBXFileReference; explicitFileType = wrapper.application; includeInIndex = 0; path = RN_OR_IOS.app; sourceTree = BUILT_PRODUCTS_DIR; };
		C245C4671F03BD8F00946C26 /* AppDelegate.swift */ = {isa = PBXFileReference; lastKnownFileType = sourcecode.swift; path = AppDelegate.swift; sourceTree = "<group>"; };
		C245C4691F03BD8F00946C26 /* ViewController.swift */ = {isa = PBXFileReference; lastKnownFileType = sourcecode.swift; path = ViewController.swift; sourceTree = "<group>"; };
		C245C46C1F03BD8F00946C26 /* Base */ = {isa = PBXFileReference; lastKnownFileType = file.storyboard; name = Base; path = Base.lproj/Main.storyboard; sourceTree = "<group>"; };
		C245C46E1F03BD8F00946C26 /* Assets.xcassets */ = {isa = PBXFileReference; lastKnownFileType = folder.assetcatalog; path = Assets.xcassets; sourceTree = "<group>"; };
		C245C4711F03BD8F00946C26 /* Base */ = {isa = PBXFileReference; lastKnownFileType = file.storyboard; name = Base; path = Base.lproj/LaunchScreen.storyboard; sourceTree = "<group>"; };
		C245C4731F03BD8F00946C26 /* Info.plist */ = {isa = PBXFileReference; lastKnownFileType = text.plist.xml; path = Info.plist; sourceTree = "<group>"; };
		C245C4791F03BE4800946C26 /* RN_OR_IOS-Bridging-Header.h */ = {isa = PBXFileReference; lastKnownFileType = sourcecode.c.h; path = "RN_OR_IOS-Bridging-Header.h"; sourceTree = "<group>"; };
/* End PBXFileReference section */

/* Begin PBXFrameworksBuildPhase section */
		C245C4611F03BD8F00946C26 /* Frameworks */ = {
			isa = PBXFrameworksBuildPhase;
			buildActionMask = 2147483647;
			files = (
				12DE7CCBD46D97B56A50E62D /* libPods-RN_OR_IOS.a in Frameworks */,
			);
			runOnlyForDeploymentPostprocessing = 0;
		};
/* End PBXFrameworksBuildPhase section */

/* Begin PBXGroup section */
		6F83C29693C03745345001DA /* Frameworks */ = {
			isa = PBXGroup;
			children = (
				4A1979014B7FD5F95F1C709F /* libPods-RN_OR_IOS.a */,
			);
			name = Frameworks;
			sourceTree = "<group>";
		};
		7A902CFF236DC55C3BE34000 /* Pods */ = {
			isa = PBXGroup;
			children = (
				6D044F9E0F31F0DF02294BD3 /* Pods-RN_OR_IOS.debug.xcconfig */,
				326EA2408D9776B959B42A52 /* Pods-RN_OR_IOS.release.xcconfig */,
			);
			name = Pods;
			sourceTree = "<group>";
		};
		C245C45B1F03BD8F00946C26 = {
			isa = PBXGroup;
			children = (
				C245C4661F03BD8F00946C26 /* RN_OR_IOS */,
				C245C4651F03BD8F00946C26 /* Products */,
				7A902CFF236DC55C3BE34000 /* Pods */,
				6F83C29693C03745345001DA /* Frameworks */,
			);
			sourceTree = "<group>";
		};
		C245C4651F03BD8F00946C26 /* Products */ = {
			isa = PBXGroup;
			children = (
				C245C4641F03BD8F00946C26 /* RN_OR_IOS.app */,
			);
			name = Products;
			sourceTree = "<group>";
		};
		C245C4661F03BD8F00946C26 /* RN_OR_IOS */ = {
			isa = PBXGroup;
			children = (
				C245C4671F03BD8F00946C26 /* AppDelegate.swift */,
				C245C4691F03BD8F00946C26 /* ViewController.swift */,
				C245C46B1F03BD8F00946C26 /* Main.storyboard */,
				C245C46E1F03BD8F00946C26 /* Assets.xcassets */,
				C245C4701F03BD8F00946C26 /* LaunchScreen.storyboard */,
				C245C4731F03BD8F00946C26 /* Info.plist */,
				C245C4791F03BE4800946C26 /* RN_OR_IOS-Bridging-Header.h */,
			);
			path = RN_OR_IOS;
			sourceTree = "<group>";
		};
/* End PBXGroup section */

/* Begin PBXNativeTarget section */
		C245C4631F03BD8F00946C26 /* RN_OR_IOS */ = {
			isa = PBXNativeTarget;
			buildConfigurationList = C245C4761F03BD8F00946C26 /* Build configuration list for PBXNativeTarget "RN_OR_IOS" */;
			buildPhases = (
				B73FB7EB9BB7DBC7F443EBF8 /* [CP] Check Pods Manifest.lock */,
				C245C4601F03BD8F00946C26 /* Sources */,
				C245C4611F03BD8F00946C26 /* Frameworks */,
				C245C4621F03BD8F00946C26 /* Resources */,
				6BE714DDD6B14028EAAA30EA /* [CP] Embed Pods Frameworks */,
				915CB630A7924E1ECCD1453B /* [CP] Copy Pods Resources */,
			);
			buildRules = (
			);
			dependencies = (
			);
			name = RN_OR_IOS;
			productName = RN_OR_IOS;
			productReference = C245C4641F03BD8F00946C26 /* RN_OR_IOS.app */;
			productType = "com.apple.product-type.application";
		};
/* End PBXNativeTarget section */

/* Begin PBXProject section */
		C245C45C1F03BD8F00946C26 /* Project object */ = {
			isa = PBXProject;
			attributes = {
				LastSwiftUpdateCheck = 0830;
				LastUpgradeCheck = 0830;
				ORGANIZATIONNAME = Mr;
				TargetAttributes = {
					C245C4631F03BD8F00946C26 = {
						CreatedOnToolsVersion = 8.3.2;
						LastSwiftMigration = 0830;
						ProvisioningStyle = Automatic;
					};
				};
			};
			buildConfigurationList = C245C45F1F03BD8F00946C26 /* Build configuration list for PBXProject "RN_OR_IOS" */;
			compatibilityVersion = "Xcode 3.2";
			developmentRegion = English;
			hasScannedForEncodings = 0;
			knownRegions = (
				en,
				Base,
			);
			mainGroup = C245C45B1F03BD8F00946C26;
			productRefGroup = C245C4651F03BD8F00946C26 /* Products */;
			projectDirPath = "";
			projectRoot = "";
			targets = (
				C245C4631F03BD8F00946C26 /* RN_OR_IOS */,
			);
		};
/* End PBXProject section */

/* Begin PBXResourcesBuildPhase section */
		C245C4621F03BD8F00946C26 /* Resources */ = {
			isa = PBXResourcesBuildPhase;
			buildActionMask = 2147483647;
			files = (
				C245C4721F03BD8F00946C26 /* LaunchScreen.storyboard in Resources */,
				C245C46F1F03BD8F00946C26 /* Assets.xcassets in Resources */,
				C245C46D1F03BD8F00946C26 /* Main.storyboard in Resources */,
			);
			runOnlyForDeploymentPostprocessing = 0;
		};
/* End PBXResourcesBuildPhase section */

/* Begin PBXShellScriptBuildPhase section */
		6BE714DDD6B14028EAAA30EA /* [CP] Embed Pods Frameworks */ = {
			isa = PBXShellScriptBuildPhase;
			buildActionMask = 2147483647;
			files = (
			);
			inputPaths = (
			);
			name = "[CP] Embed Pods Frameworks";
			outputPaths = (
			);
			runOnlyForDeploymentPostprocessing = 0;
			shellPath = /bin/sh;
			shellScript = "\"${SRCROOT}/Pods/Target Support Files/Pods-RN_OR_IOS/Pods-RN_OR_IOS-frameworks.sh\"\n";
			showEnvVarsInLog = 0;
		};
		915CB630A7924E1ECCD1453B /* [CP] Copy Pods Resources */ = {
			isa = PBXShellScriptBuildPhase;
			buildActionMask = 2147483647;
			files = (
			);
			inputPaths = (
			);
			name = "[CP] Copy Pods Resources";
			outputPaths = (
			);
			runOnlyForDeploymentPostprocessing = 0;
			shellPath = /bin/sh;
			shellScript = "\"${SRCROOT}/Pods/Target Support Files/Pods-RN_OR_IOS/Pods-RN_OR_IOS-resources.sh\"\n";
			showEnvVarsInLog = 0;
		};
		B73FB7EB9BB7DBC7F443EBF8 /* [CP] Check Pods Manifest.lock */ = {
			isa = PBXShellScriptBuildPhase;
			buildActionMask = 2147483647;
			files = (
			);
			inputPaths = (
			);
			name = "[CP] Check Pods Manifest.lock";
			outputPaths = (
			);
			runOnlyForDeploymentPostprocessing = 0;
			shellPath = /bin/sh;
			shellScript = "diff \"${PODS_PODFILE_DIR_PATH}/Podfile.lock\" \"${PODS_ROOT}/Manifest.lock\" > /dev/null\nif [ $? != 0 ] ; then\n    # print error to STDERR\n    echo \"error: The sandbox is not in sync with the Podfile.lock. Run 'pod install' or update your CocoaPods installation.\" >&2\n    exit 1\nfi\n";
			showEnvVarsInLog = 0;
		};
/* End PBXShellScriptBuildPhase section */

/* Begin PBXSourcesBuildPhase section */
		C245C4601F03BD8F00946C26 /* Sources */ = {
			isa = PBXSourcesBuildPhase;
			buildActionMask = 2147483647;
			files = (
				C245C46A1F03BD8F00946C26 /* ViewController.swift in Sources */,
				C245C4681F03BD8F00946C26 /* AppDelegate.swift in Sources */,
			);
			runOnlyForDeploymentPostprocessing = 0;
		};
/* End PBXSourcesBuildPhase section */

/* Begin PBXVariantGroup section */
		C245C46B1F03BD8F00946C26 /* Main.storyboard */ = {
			isa = PBXVariantGroup;
			children = (
				C245C46C1F03BD8F00946C26 /* Base */,
			);
			name = Main.storyboard;
			sourceTree = "<group>";
		};
		C245C4701F03BD8F00946C26 /* LaunchScreen.storyboard */ = {
			isa = PBXVariantGroup;
			children = (
				C245C4711F03BD8F00946C26 /* Base */,
			);
			name = LaunchScreen.storyboard;
			sourceTree = "<group>";
		};
/* End PBXVariantGroup section */

/* Begin XCBuildConfiguration section */
		C245C4741F03BD8F00946C26 /* Debug */ = {
			isa = XCBuildConfiguration;
			buildSettings = {
				ALWAYS_SEARCH_USER_PATHS = NO;
				CLANG_ANALYZER_NONNULL = YES;
				CLANG_ANALYZER_NUMBER_OBJECT_CONVERSION = YES_AGGRESSIVE;
				CLANG_CXX_LANGUAGE_STANDARD = "gnu++0x";
				CLANG_CXX_LIBRARY = "libc++";
				CLANG_ENABLE_MODULES = YES;
				CLANG_ENABLE_OBJC_ARC = YES;
				CLANG_WARN_BOOL_CONVERSION = YES;
				CLANG_WARN_CONSTANT_CONVERSION = YES;
				CLANG_WARN_DIRECT_OBJC_ISA_USAGE = YES_ERROR;
				CLANG_WARN_DOCUMENTATION_COMMENTS = YES;
				CLANG_WARN_EMPTY_BODY = YES;
				CLANG_WARN_ENUM_CONVERSION = YES;
				CLANG_WARN_INFINITE_RECURSION = YES;
				CLANG_WARN_INT_CONVERSION = YES;
				CLANG_WARN_OBJC_ROOT_CLASS = YES_ERROR;
				CLANG_WARN_SUSPICIOUS_MOVE = YES;
				CLANG_WARN_UNREACHABLE_CODE = YES;
				CLANG_WARN__DUPLICATE_METHOD_MATCH = YES;
				"CODE_SIGN_IDENTITY[sdk=iphoneos*]" = "iPhone Developer";
				COPY_PHASE_STRIP = NO;
				DEBUG_INFORMATION_FORMAT = dwarf;
				ENABLE_STRICT_OBJC_MSGSEND = YES;
				ENABLE_TESTABILITY = YES;
				GCC_C_LANGUAGE_STANDARD = gnu99;
				GCC_DYNAMIC_NO_PIC = NO;
				GCC_NO_COMMON_BLOCKS = YES;
				GCC_OPTIMIZATION_LEVEL = 0;
				GCC_PREPROCESSOR_DEFINITIONS = (
					"DEBUG=1",
					"$(inherited)",
				);
				GCC_WARN_64_TO_32_BIT_CONVERSION = YES;
				GCC_WARN_ABOUT_RETURN_TYPE = YES_ERROR;
				GCC_WARN_UNDECLARED_SELECTOR = YES;
				GCC_WARN_UNINITIALIZED_AUTOS = YES_AGGRESSIVE;
				GCC_WARN_UNUSED_FUNCTION = YES;
				GCC_WARN_UNUSED_VARIABLE = YES;
				IPHONEOS_DEPLOYMENT_TARGET = 10.3;
				MTL_ENABLE_DEBUG_INFO = YES;
				ONLY_ACTIVE_ARCH = YES;
				SDKROOT = iphoneos;
				SWIFT_ACTIVE_COMPILATION_CONDITIONS = DEBUG;
				SWIFT_OPTIMIZATION_LEVEL = "-Onone";
			};
			name = Debug;
		};
		C245C4751F03BD8F00946C26 /* Release */ = {
			isa = XCBuildConfiguration;
			buildSettings = {
				ALWAYS_SEARCH_USER_PATHS = NO;
				CLANG_ANALYZER_NONNULL = YES;
				CLANG_ANALYZER_NUMBER_OBJECT_CONVERSION = YES_AGGRESSIVE;
				CLANG_CXX_LANGUAGE_STANDARD = "gnu++0x";
				CLANG_CXX_LIBRARY = "libc++";
				CLANG_ENABLE_MODULES = YES;
				CLANG_ENABLE_OBJC_ARC = YES;
				CLANG_WARN_BOOL_CONVERSION = YES;
				CLANG_WARN_CONSTANT_CONVERSION = YES;
				CLANG_WARN_DIRECT_OBJC_ISA_USAGE = YES_ERROR;
				CLANG_WARN_DOCUMENTATION_COMMENTS = YES;
				CLANG_WARN_EMPTY_BODY = YES;
				CLANG_WARN_ENUM_CONVERSION = YES;
				CLANG_WARN_INFINITE_RECURSION = YES;
				CLANG_WARN_INT_CONVERSION = YES;
				CLANG_WARN_OBJC_ROOT_CLASS = YES_ERROR;
				CLANG_WARN_SUSPICIOUS_MOVE = YES;
				CLANG_WARN_UNREACHABLE_CODE = YES;
				CLANG_WARN__DUPLICATE_METHOD_MATCH = YES;
				"CODE_SIGN_IDENTITY[sdk=iphoneos*]" = "iPhone Developer";
				COPY_PHASE_STRIP = NO;
				DEBUG_INFORMATION_FORMAT = "dwarf-with-dsym";
				ENABLE_NS_ASSERTIONS = NO;
				ENABLE_STRICT_OBJC_MSGSEND = YES;
				GCC_C_LANGUAGE_STANDARD = gnu99;
				GCC_NO_COMMON_BLOCKS = YES;
				GCC_WARN_64_TO_32_BIT_CONVERSION = YES;
				GCC_WARN_ABOUT_RETURN_TYPE = YES_ERROR;
				GCC_WARN_UNDECLARED_SELECTOR = YES;
				GCC_WARN_UNINITIALIZED_AUTOS = YES_AGGRESSIVE;
				GCC_WARN_UNUSED_FUNCTION = YES;
				GCC_WARN_UNUSED_VARIABLE = YES;
				IPHONEOS_DEPLOYMENT_TARGET = 10.3;
				MTL_ENABLE_DEBUG_INFO = NO;
				SDKROOT = iphoneos;
				SWIFT_OPTIMIZATION_LEVEL = "-Owholemodule";
				VALIDATE_PRODUCT = YES;
			};
			name = Release;
		};
		C245C4771F03BD8F00946C26 /* Debug */ = {
			isa = XCBuildConfiguration;
			baseConfigurationReference = 6D044F9E0F31F0DF02294BD3 /* Pods-RN_OR_IOS.debug.xcconfig */;
			buildSettings = {
				ASSETCATALOG_COMPILER_APPICON_NAME = AppIcon;
				CLANG_ENABLE_MODULES = YES;
				INFOPLIST_FILE = RN_OR_IOS/Info.plist;
				LD_RUNPATH_SEARCH_PATHS = "$(inherited) @executable_path/Frameworks";
				PRODUCT_BUNDLE_IDENTIFIER = "MRJ.RN-OR-IOS";
				PRODUCT_NAME = "$(TARGET_NAME)";
				SWIFT_OBJC_BRIDGING_HEADER = "RN_OR_IOS/RN_OR_IOS-Bridging-Header.h";
				SWIFT_OPTIMIZATION_LEVEL = "-Onone";
				SWIFT_VERSION = 3.0;
			};
			name = Debug;
		};
		C245C4781F03BD8F00946C26 /* Release */ = {
			isa = XCBuildConfiguration;
			baseConfigurationReference = 326EA2408D9776B959B42A52 /* Pods-RN_OR_IOS.release.xcconfig */;
			buildSettings = {
				ASSETCATALOG_COMPILER_APPICON_NAME = AppIcon;
				CLANG_ENABLE_MODULES = YES;
				INFOPLIST_FILE = RN_OR_IOS/Info.plist;
				LD_RUNPATH_SEARCH_PATHS = "$(inherited) @executable_path/Frameworks";
				PRODUCT_BUNDLE_IDENTIFIER = "MRJ.RN-OR-IOS";
				PRODUCT_NAME = "$(TARGET_NAME)";
				SWIFT_OBJC_BRIDGING_HEADER = "RN_OR_IOS/RN_OR_IOS-Bridging-Header.h";
				SWIFT_VERSION = 3.0;
			};
			name = Release;
		};
/* End XCBuildConfiguration section */

/* Begin XCConfigurationList section */
		C245C45F1F03BD8F00946C26 /* Build configuration list for PBXProject "RN_OR_IOS" */ = {
			isa = XCConfigurationList;
			buildConfigurations = (
				C245C4741F03BD8F00946C26 /* Debug */,
				C245C4751F03BD8F00946C26 /* Release */,
			);
			defaultConfigurationIsVisible = 0;
			defaultConfigurationName = Release;
		};
		C245C4761F03BD8F00946C26 /* Build configuration list for PBXNativeTarget "RN_OR_IOS" */ = {
			isa = XCConfigurationList;
			buildConfigurations = (
				C245C4771F03BD8F00946C26 /* Debug */,
				C245C4781F03BD8F00946C26 /* Release */,
			);
			defaultConfigurationIsVisible = 0;
			defaultConfigurationName = Release;
		};
/* End XCConfigurationList section */
	};
	rootObject = C245C45C1F03BD8F00946C26 /* Project object */;
}
